
Microsoft Visual Studio Solution File, Format Version 12.00
# Visual Studio Version 17
VisualStudioVersion = 17.14.36310.24 d17.14
MinimumVisualStudioVersion = 10.0.40219.1
Project("{FAE04EC0-301F-11D3-BF4B-00C04F79EFBC}") = "programacionprimerproyecto", "programacionprimerproyecto\programacionprimerproyecto.csproj", "{56C90FC3-833B-41DF-BFCA-AFBEC48FA6B4}"
EndProject
Global
	GlobalSection(SolutionConfigurationPlatforms) = preSolution
		Debug|Any CPU = Debug|Any CPU
		Release|Any CPU = Release|Any CPU
	EndGlobalSection
	GlobalSection(ProjectConfigurationPlatforms) = postSolution
		{56C90FC3-833B-41DF-BFCA-AFBEC48FA6B4}.Debug|Any CPU.ActiveCfg = Debug|Any CPU
		{56C90FC3-833B-41DF-BFCA-AFBEC48FA6B4}.Debug|Any CPU.Build.0 = Debug|Any CPU
		{56C90FC3-833B-41DF-BFCA-AFBEC48FA6B4}.Release|Any CPU.ActiveCfg = Release|Any CPU
		{56C90FC3-833B-41DF-BFCA-AFBEC48FA6B4}.Release|Any CPU.Build.0 = Release|Any CPU
	EndGlobalSection
	GlobalSection(SolutionProperties) = preSolution
		HideSolutionNode = FALSE
	EndGlobalSection
	GlobalSection(ExtensibilityGlobals) = postSolution
		SolutionGuid = {6D0EA0CA-546C-4394-BDCC-D487B49652E1}
	EndGlobalSection
EndGlobal
