
Microsoft Visual Studio Solution File, Format Version 12.00
# Visual Studio Version 17
VisualStudioVersion = 17.14.36310.24 d17.14
MinimumVisualStudioVersion = 10.0.40219.1
Project("{FAE04EC0-301F-11D3-BF4B-00C04F79EFBC}") = "hola mundooo", "hola mundooo\hola mundooo.csproj", "{B722577B-6380-4B5C-B58A-9C2DA463E56A}"
EndProject
Global
	GlobalSection(SolutionConfigurationPlatforms) = preSolution
		Debug|Any CPU = Debug|Any CPU
		Release|Any CPU = Release|Any CPU
	EndGlobalSection
	GlobalSection(ProjectConfigurationPlatforms) = postSolution
		{B722577B-6380-4B5C-B58A-9C2DA463E56A}.Debug|Any CPU.ActiveCfg = Debug|Any CPU
		{B722577B-6380-4B5C-B58A-9C2DA463E56A}.Debug|Any CPU.Build.0 = Debug|Any CPU
		{B722577B-6380-4B5C-B58A-9C2DA463E56A}.Release|Any CPU.ActiveCfg = Release|Any CPU
		{B722577B-6380-4B5C-B58A-9C2DA463E56A}.Release|Any CPU.Build.0 = Release|Any CPU
	EndGlobalSection
	GlobalSection(SolutionProperties) = preSolution
		HideSolutionNode = FALSE
	EndGlobalSection
	GlobalSection(ExtensibilityGlobals) = postSolution
		SolutionGuid = {2A8077F2-59AC-4998-B469-F218DE76D343}
	EndGlobalSection
EndGlobal
